<?xml version="1.0" encoding="utf-8"?>
<Project ToolsVersion="4.0" xmlns="http://schemas.microsoft.com/developer/msbuild/2003">
  <ItemGroup>
    <Filter Include="Source Files">
      <UniqueIdentifier>{4FC737F1-C7A5-4376-A066-2A32D752A2FF}</UniqueIdentifier>
      <Extensions>cpp;c;cc;cxx;c++;cppm;ixx;def;odl;idl;hpj;bat;asm;asmx</Extensions>
    </Filter>
    <Filter Include="Header Files">
      <UniqueIdentifier>{93995380-89BD-4b04-88EB-625FBE52EBFB}</UniqueIdentifier>
      <Extensions>h;hh;hpp;hxx;h++;hm;inl;inc;ipp;xsd</Extensions>
    </Filter>
    <Filter Include="Resource Files">
      <UniqueIdentifier>{67DA6AB6-F800-4c08-8B7A-83BB121AAD01}</UniqueIdentifier>
      <Extensions>rc;ico;cur;bmp;dlg;rc2;rct;bin;rgs;gif;jpg;jpeg;jpe;resx;tiff;tif;png;wav;mfcribbon-ms</Extensions>
    </Filter>
    <Filter Include="Source Files\Core">
      <UniqueIdentifier>{1c2ee0cd-a620-475f-bd0b-b357bbc0c3f8}</UniqueIdentifier>
    </Filter>
    <Filter Include="Header Files\Core">
      <UniqueIdentifier>{6aabfce3-d0e5-4fe7-936c-f6028638deec}</UniqueIdentifier>
    </Filter>
    <Filter Include="Header Files\Graphics">
      <UniqueIdentifier>{26be552f-ea43-48b1-a156-1968f223ae65}</UniqueIdentifier>
    </Filter>
    <Filter Include="Source Files\Graphics">
      <UniqueIdentifier>{f8b888dd-faa0-41ae-b50b-574c6e3c5727}</UniqueIdentifier>
    </Filter>
    <Filter Include="Header Files\Utility">
      <UniqueIdentifier>{7173d10a-4149-4791-85a1-4bec9e6000cc}</UniqueIdentifier>
    </Filter>
    <Filter Include="Source Files\Graphics\Shaders">
      <UniqueIdentifier>{0cbf0635-826e-4f79-837c-0e54a4ea5b0c}</UniqueIdentifier>
    </Filter>
    <Filter Include="Source Files\Graphics\Shaders\GLSL">
      <UniqueIdentifier>{7900e99a-c260-40a3-9458-1c8021b15f7e}</UniqueIdentifier>
    </Filter>
    <Filter Include="Header Files\Object">
      <UniqueIdentifier>{03a07d57-56d6-43c7-ac51-496f685d2264}</UniqueIdentifier>
    </Filter>
    <Filter Include="Source Files\Object">
      <UniqueIdentifier>{c1385186-ac8f-47b7-99d2-c23abed49609}</UniqueIdentifier>
    </Filter>
    <Filter Include="Source Files\Scenes">
      <UniqueIdentifier>{52ee54a8-3730-46ee-938d-c8d7d2be0eee}</UniqueIdentifier>
    </Filter>
    <Filter Include="Header Files\Scenes">
      <UniqueIdentifier>{d7a7b18e-607f-46b3-b354-a64a9d81e1b1}</UniqueIdentifier>
    </Filter>
    <Filter Include="Source Files\ImGUI">
      <UniqueIdentifier>{7482cd53-0134-4803-9800-b46a0173debe}</UniqueIdentifier>
    </Filter>
    <Filter Include="Header Files\ImGUI">
      <UniqueIdentifier>{9a74d418-4c8c-40ac-a011-508d5fbdce77}</UniqueIdentifier>
    </Filter>
    <Filter Include="Header Files\Core\Common">
      <UniqueIdentifier>{082a0541-c584-4f18-be14-2cecce80c93f}</UniqueIdentifier>
    </Filter>
    <Filter Include="Source Files\Debug">
      <UniqueIdentifier>{5922be34-16e7-448e-afdf-23a68c9f88ed}</UniqueIdentifier>
    </Filter>
    <Filter Include="Header Files\Debug">
      <UniqueIdentifier>{7631280e-a94e-440f-9051-3a61c20e00c3}</UniqueIdentifier>
    </Filter>
    <Filter Include="Header Files\Graphics\Lighting">
      <UniqueIdentifier>{1a347456-3259-4855-8bc2-a96062f76131}</UniqueIdentifier>
    </Filter>
    <Filter Include="Source Files\Graphics\Lighting">
      <UniqueIdentifier>{8863e104-2b39-4185-a088-c40d800e5c1f}</UniqueIdentifier>
    </Filter>
    <Filter Include="Header Files\Graphics\Assets">
      <UniqueIdentifier>{48e2d7ec-c7a8-4fbb-8665-60e1f1c64662}</UniqueIdentifier>
    </Filter>
    <Filter Include="Source Files\Graphics\Assets">
      <UniqueIdentifier>{824f0840-a350-4b27-9543-131c6971fff7}</UniqueIdentifier>
    </Filter>
    <Filter Include="Header Files\Graphics\Camera">
      <UniqueIdentifier>{813aa44c-b8cc-42f1-844a-2efa710f5fb8}</UniqueIdentifier>
    </Filter>
    <Filter Include="Source Files\Graphics\Camera">
      <UniqueIdentifier>{165ffd7a-ad3e-4d84-90e0-fa299b70a6f3}</UniqueIdentifier>
    </Filter>
    <Filter Include="Header Files\Graphics\Contexts">
      <UniqueIdentifier>{53163c37-444c-4631-b68a-d67d92e65d3e}</UniqueIdentifier>
    </Filter>
    <Filter Include="Source Files\Graphics\Contexts">
      <UniqueIdentifier>{82710a53-80aa-4789-ab5a-dede3567b27e}</UniqueIdentifier>
    </Filter>
    <Filter Include="Source Files\Graphics\Textures">
      <UniqueIdentifier>{65774e2f-a02a-4420-8d4c-74c0887117bb}</UniqueIdentifier>
    </Filter>
    <Filter Include="Header Files\Graphics\Textures">
      <UniqueIdentifier>{92106ce1-dc29-4df3-960f-104a5e9f3f1d}</UniqueIdentifier>
    </Filter>
    <Filter Include="Header Files\Graphics\Materials">
      <UniqueIdentifier>{99f3816c-7d52-4bb1-89d8-cc60e130f800}</UniqueIdentifier>
    </Filter>
    <Filter Include="Source Files\Graphics\Materials">
      <UniqueIdentifier>{711b1280-b33a-474d-9615-4371614579c1}</UniqueIdentifier>
    </Filter>
    <Filter Include="Header Files\Graphics\Mesh">
      <UniqueIdentifier>{57630b24-fbfb-46ef-bada-1878d473c1b9}</UniqueIdentifier>
    </Filter>
    <Filter Include="Source Files\Graphics\Mesh">
      <UniqueIdentifier>{9da63d38-24ba-408c-87ab-a35cf001746c}</UniqueIdentifier>
    </Filter>
    <Filter Include="Header Files\Graphics\Shaders">
      <UniqueIdentifier>{90bd1cf7-5ab2-4dd4-a7c0-bce2a9b08886}</UniqueIdentifier>
    </Filter>
  </ItemGroup>
  <ItemGroup>
    <ClInclude Include="src\Application.h">
      <Filter>Header Files\Core</Filter>
    </ClInclude>
    <ClInclude Include="src\Logger.h">
      <Filter>Header Files\Core</Filter>
    </ClInclude>
    <ClInclude Include="src\Window.h">
      <Filter>Header Files\Core</Filter>
    </ClInclude>
    <ClInclude Include="src\GraphicsCommon.h">
      <Filter>Header Files\Graphics</Filter>
    </ClInclude>
    <ClInclude Include="src\Utility.h">
      <Filter>Header Files\Utility</Filter>
    </ClInclude>
    <ClInclude Include="src\Paths.h">
      <Filter>Header Files\Utility</Filter>
    </ClInclude>
    <ClInclude Include="src\Transform.h">
      <Filter>Header Files\Object</Filter>
    </ClInclude>
    <ClInclude Include="src\IScene.h">
      <Filter>Header Files\Core</Filter>
    </ClInclude>
    <ClInclude Include="src\SceneManager.h">
      <Filter>Header Files\Core</Filter>
    </ClInclude>
    <ClInclude Include="src\GameObject.h">
      <Filter>Header Files\Object</Filter>
    </ClInclude>
    <ClInclude Include="dep\imgui\imconfig.h">
      <Filter>Header Files\ImGUI</Filter>
    </ClInclude>
    <ClInclude Include="dep\imgui\imgui.h">
      <Filter>Header Files\ImGUI</Filter>
    </ClInclude>
    <ClInclude Include="dep\imgui\imgui_internal.h">
      <Filter>Header Files\ImGUI</Filter>
    </ClInclude>
    <ClInclude Include="dep\imgui\imgui_impl_glfw.h">
      <Filter>Header Files\ImGUI</Filter>
    </ClInclude>
    <ClInclude Include="dep\imgui\imgui_impl_opengl3.h">
      <Filter>Header Files\ImGUI</Filter>
    </ClInclude>
    <ClInclude Include="dep\imgui\imgui_impl_opengl3_loader.h">
      <Filter>Header Files\ImGUI</Filter>
    </ClInclude>
    <ClInclude Include="src\ImGuiManager.h">
      <Filter>Header Files\ImGUI</Filter>
    </ClInclude>
    <ClInclude Include="src\Renderer.h">
      <Filter>Header Files\Graphics</Filter>
    </ClInclude>
    <ClInclude Include="src\Colors.h">
      <Filter>Header Files\Core\Common</Filter>
    </ClInclude>
    <ClInclude Include="src\DebugRenderer.h">
      <Filter>Header Files\Debug</Filter>
    </ClInclude>
    <ClInclude Include="src\Scene1.h">
      <Filter>Header Files\Scenes</Filter>
    </ClInclude>
    <ClInclude Include="src\LightingSystem.h">
      <Filter>Header Files\Graphics\Lighting</Filter>
    </ClInclude>
    <ClInclude Include="src\Light.h">
      <Filter>Header Files\Graphics\Lighting</Filter>
    </ClInclude>
    <ClInclude Include="src\Scene2.h">
      <Filter>Header Files\Scenes</Filter>
    </ClInclude>
    <ClInclude Include="src\SceneSingleObject.h">
      <Filter>Source Files\Scenes</Filter>
    </ClInclude>
    <ClInclude Include="src\Camera.h">
      <Filter>Header Files\Graphics\Camera</Filter>
    </ClInclude>
    <ClInclude Include="src\CameraManager.h">
      <Filter>Header Files\Graphics\Camera</Filter>
    </ClInclude>
    <ClInclude Include="src\ContextManager.h">
      <Filter>Header Files\Graphics\Contexts</Filter>
    </ClInclude>
    <ClInclude Include="src\Material.h">
      <Filter>Header Files\Graphics\Materials</Filter>
    </ClInclude>
    <ClInclude Include="src\Mesh.h">
      <Filter>Header Files\Graphics\Mesh</Filter>
    </ClInclude>
    <ClInclude Include="src\MeshManager.h">
      <Filter>Header Files\Graphics\Mesh</Filter>
    </ClInclude>
    <ClInclude Include="src\OBJReader.h">
      <Filter>Header Files\Graphics\Assets</Filter>
    </ClInclude>
    <ClInclude Include="src\Texture.h">
      <Filter>Header Files\Graphics\Textures</Filter>
    </ClInclude>
    <ClInclude Include="src\TextureManager.h">
      <Filter>Header Files\Graphics\Textures</Filter>
    </ClInclude>
    <ClInclude Include="src\ShaderManager.h">
      <Filter>Header Files\Graphics\Shaders</Filter>
    </ClInclude>
    <ClInclude Include="src\Cubemap.h">
      <Filter>Header Files\Graphics\Textures</Filter>
    </ClInclude>
    <ClInclude Include="src\PNGReader.h">
      <Filter>Header Files\Graphics\Assets</Filter>
    </ClInclude>
    <ClInclude Include="src\EnvironmentMap.h">
      <Filter>Header Files</Filter>
    </ClInclude>
    <ClInclude Include="src\ReflectionScene.h">
      <Filter>Header Files\Scenes</Filter>
    </ClInclude>
  </ItemGroup>
  <ItemGroup>
    <ClCompile Include="src\Application.cpp">
      <Filter>Source Files\Core</Filter>
    </ClCompile>
    <ClCompile Include="src\Window.cpp">
      <Filter>Source Files\Core</Filter>
    </ClCompile>
    <ClCompile Include="src\Transform.cpp">
      <Filter>Source Files\Object</Filter>
    </ClCompile>
    <ClCompile Include="src\SceneManager.cpp">
      <Filter>Source Files\Core</Filter>
    </ClCompile>
    <ClCompile Include="src\GameObject.cpp">
      <Filter>Source Files\Object</Filter>
    </ClCompile>
    <ClCompile Include="dep\imgui\imgui.cpp">
      <Filter>Source Files\ImGUI</Filter>
    </ClCompile>
    <ClCompile Include="dep\imgui\imgui_demo.cpp">
      <Filter>Source Files\ImGUI</Filter>
    </ClCompile>
    <ClCompile Include="dep\imgui\imgui_draw.cpp">
      <Filter>Source Files\ImGUI</Filter>
    </ClCompile>
    <ClCompile Include="dep\imgui\imgui_tables.cpp">
      <Filter>Source Files\ImGUI</Filter>
    </ClCompile>
    <ClCompile Include="dep\imgui\imgui_widgets.cpp">
      <Filter>Source Files\ImGUI</Filter>
    </ClCompile>
    <ClCompile Include="dep\imgui\imgui_impl_glfw.cpp">
      <Filter>Source Files\ImGUI</Filter>
    </ClCompile>
    <ClCompile Include="dep\imgui\imgui_impl_opengl3.cpp">
      <Filter>Source Files\ImGUI</Filter>
    </ClCompile>
    <ClCompile Include="src\ImGuiManager.cpp">
      <Filter>Source Files\ImGUI</Filter>
    </ClCompile>
    <ClCompile Include="src\Renderer.cpp">
      <Filter>Source Files\Graphics</Filter>
    </ClCompile>
    <ClCompile Include="src\DebugRenderer.cpp">
      <Filter>Source Files\Debug</Filter>
    </ClCompile>
    <ClCompile Include="src\Scene1.cpp">
      <Filter>Source Files\Scenes</Filter>
    </ClCompile>
    <ClCompile Include="src\LightingSystem.cpp">
      <Filter>Source Files\Graphics\Lighting</Filter>
    </ClCompile>
    <ClCompile Include="src\Light.cpp">
      <Filter>Source Files\Graphics\Lighting</Filter>
    </ClCompile>
    <ClCompile Include="src\Scene2.cpp">
      <Filter>Source Files\Scenes</Filter>
    </ClCompile>
    <ClCompile Include="src\SceneSingleObject.cpp">
      <Filter>Source Files\Scenes</Filter>
    </ClCompile>
    <ClCompile Include="src\Camera.cpp">
      <Filter>Source Files\Graphics\Camera</Filter>
    </ClCompile>
    <ClCompile Include="src\CameraManager.cpp">
      <Filter>Source Files\Graphics\Camera</Filter>
    </ClCompile>
    <ClCompile Include="src\ContextManager.cpp">
      <Filter>Source Files\Graphics\Contexts</Filter>
    </ClCompile>
    <ClCompile Include="src\Material.cpp">
      <Filter>Source Files\Graphics\Materials</Filter>
    </ClCompile>
    <ClCompile Include="src\Mesh.cpp">
      <Filter>Source Files\Graphics\Mesh</Filter>
    </ClCompile>
    <ClCompile Include="src\MeshManager.cpp">
      <Filter>Source Files\Graphics\Mesh</Filter>
    </ClCompile>
    <ClCompile Include="src\Texture.cpp">
      <Filter>Source Files\Graphics\Textures</Filter>
    </ClCompile>
    <ClCompile Include="src\TextureManager.cpp">
      <Filter>Source Files\Graphics\Textures</Filter>
    </ClCompile>
    <ClCompile Include="src\OBJReader.cpp">
      <Filter>Source Files\Graphics\Assets</Filter>
    </ClCompile>
    <ClCompile Include="src\ShaderManager.cpp">
      <Filter>Source Files\Graphics\Shaders</Filter>
    </ClCompile>
    <ClCompile Include="src\Cubemap.cpp">
      <Filter>Source Files\Graphics\Textures</Filter>
    </ClCompile>
    <ClCompile Include="src\PNGReader.cpp">
      <Filter>Source Files\Graphics\Assets</Filter>
    </ClCompile>
    <ClCompile Include="src\EnvironmentMap.cpp">
      <Filter>Source Files</Filter>
    </ClCompile>
    <ClCompile Include="src\ReflectionScene.cpp">
      <Filter>Source Files\Scenes</Filter>
    </ClCompile>
  </ItemGroup>
  <ItemGroup>
    <None Include="res\shaders\Diffuse.vert">
      <Filter>Source Files\Graphics\Shaders\GLSL</Filter>
    </None>
    <None Include="res\shaders\Debug.vert">
      <Filter>Source Files\Graphics\Shaders\GLSL</Filter>
    </None>
    <None Include="res\shaders\Debug.frag">
      <Filter>Source Files\Graphics\Shaders\GLSL</Filter>
    </None>
    <None Include="res\shaders\Diffuse.frag">
      <Filter>Source Files\Graphics\Shaders\GLSL</Filter>
    </None>
    <None Include="res\shaders\PhongLighting.frag">
      <Filter>Source Files\Graphics\Shaders\GLSL</Filter>
    </None>
    <None Include="res\shaders\PhongLighting.vert">
      <Filter>Source Files\Graphics\Shaders\GLSL</Filter>
    </None>
    <None Include="res\shaders\PhongShading.frag">
      <Filter>Source Files\Graphics\Shaders\GLSL</Filter>
    </None>
    <None Include="res\shaders\PhongShading.vert">
      <Filter>Source Files\Graphics\Shaders\GLSL</Filter>
    </None>
    <None Include="res\shaders\PhongTexture.frag">
      <Filter>Source Files\Graphics\Shaders\GLSL</Filter>
    </None>
    <None Include="res\shaders\PhongTexture.vert">
      <Filter>Source Files\Graphics\Shaders\GLSL</Filter>
    </None>
    <None Include="res\shaders\BlinnPhong.frag">
      <Filter>Source Files\Graphics\Shaders\GLSL</Filter>
    </None>
    <None Include="res\shaders\BlinnPhong.vert">
      <Filter>Source Files\Graphics\Shaders\GLSL</Filter>
    </None>
    <None Include="res\shaders\Skybox.frag">
      <Filter>Source Files\Graphics\Shaders\GLSL</Filter>
    </None>
    <None Include="res\shaders\Skybox.vert">
      <Filter>Source Files\Graphics\Shaders\GLSL</Filter>
    </None>
    <None Include="res\shaders\Reflection.frag">
      <Filter>Source Files\Graphics\Shaders\GLSL</Filter>
    </None>
    <None Include="res\shaders\Reflection.vert">
      <Filter>Source Files\Graphics\Shaders\GLSL</Filter>
    </None>
    <None Include="res\shaders\BlinnPhongRefract.frag">
      <Filter>Source Files\Graphics\Shaders\GLSL</Filter>
    </None>
    <None Include="res\shaders\BlinnPhongRefract.vert">
      <Filter>Source Files\Graphics\Shaders\GLSL</Filter>
    </None>
  </ItemGroup>
</Project>